
Microsoft Visual Studio Solution File, Format Version 12.00
# Visual Studio 15
VisualStudioVersion = 15.0.28307.271
MinimumVisualStudioVersion = 10.0.40219.1
Project("{2150E333-8FDC-42A3-9474-1A3956D46DE8}") = "0 - Distributed Services", "0 - Distributed Services", "{A02D7404-5BD1-40F4-AA5F-8E57EE930B6B}"
EndProject
Project("{2150E333-8FDC-42A3-9474-1A3956D46DE8}") = "1 - Business", "1 - Business", "{6C098656-EDD9-4D80-B8CB-FB13350746DE}"
EndProject
Project("{2150E333-8FDC-42A3-9474-1A3956D46DE8}") = "2 - Infrastructure", "2 - Infrastructure", "{C8421513-F05C-4EE6-913A-AD5EDBAFF127}"
EndProject
Project("{2150E333-8FDC-42A3-9474-1A3956D46DE8}") = "3 - Crosscutting", "3 - Crosscutting", "{BAAB8460-4FA2-472D-9BC9-E590D69A9E78}"
EndProject
Project("{2150E333-8FDC-42A3-9474-1A3956D46DE8}") = "4 - Tests", "4 - Tests", "{76FD1C8A-93C0-4215-B37D-FAE7F7010B0C}"
EndProject
Project("{9A19103F-16F7-4668-BE54-9A1E7A4F7556}") = "Schibsted.Test.BE.API", "Schibsted.Test.BE.API\Schibsted.Test.BE.API.csproj", "{DA305A10-D471-464A-8BD6-DD947DED5155}"
EndProject
Project("{9A19103F-16F7-4668-BE54-9A1E7A4F7556}") = "Schibsted.Test.BE.Business.Entities", "Schibsted.Test.BE.Business.Entities\Schibsted.Test.BE.Business.Entities.csproj", "{9CF58F0B-DE78-4916-B9AF-F13133E05A33}"
EndProject
Project("{9A19103F-16F7-4668-BE54-9A1E7A4F7556}") = "Schibsted.Test.BE.Business", "Schibsted.Test.BE.Business\Schibsted.Test.BE.Business.csproj", "{35A3B98D-FFC4-4016-A326-AA34D4D7066A}"
EndProject
Project("{9A19103F-16F7-4668-BE54-9A1E7A4F7556}") = "Schibsted.Test.BE.Infrastructure.Data", "Schibsted.Test.BE.Infrastructure.Data\Schibsted.Test.BE.Infrastructure.Data.csproj", "{6F42F996-642B-4343-B0FE-E096EDC7757B}"
EndProject
Project("{9A19103F-16F7-4668-BE54-9A1E7A4F7556}") = "Schibsted.Test.BE.Crosscutting", "Schibsted.Test.BE.Crosscutting\Schibsted.Test.BE.Crosscutting.csproj", "{9287E5B9-6EE7-46B5-9F6D-D7B6093CF053}"
EndProject
Project("{FAE04EC0-301F-11D3-BF4B-00C04F79EFBC}") = "Schibsted.Test.BE.Tests.IT", "Schibsted.Test.BE.Tests.IT\Schibsted.Test.BE.Tests.IT.csproj", "{665B550C-B0BE-44E6-BC12-90625893A309}"
EndProject
Project("{FAE04EC0-301F-11D3-BF4B-00C04F79EFBC}") = "Schibsted.Test.BE.Tests.UT", "Schibsted.Test.BE.Tests.UT\Schibsted.Test.BE.Tests.UT.csproj", "{51B4F23A-F1CA-4A49-BC00-67E79BFAB2CA}"
EndProject
Global
	GlobalSection(SolutionConfigurationPlatforms) = preSolution
		Debug|Any CPU = Debug|Any CPU
		Release|Any CPU = Release|Any CPU
	EndGlobalSection
	GlobalSection(ProjectConfigurationPlatforms) = postSolution
		{DA305A10-D471-464A-8BD6-DD947DED5155}.Debug|Any CPU.ActiveCfg = Debug|Any CPU
		{DA305A10-D471-464A-8BD6-DD947DED5155}.Debug|Any CPU.Build.0 = Debug|Any CPU
		{DA305A10-D471-464A-8BD6-DD947DED5155}.Release|Any CPU.ActiveCfg = Release|Any CPU
		{DA305A10-D471-464A-8BD6-DD947DED5155}.Release|Any CPU.Build.0 = Release|Any CPU
		{9CF58F0B-DE78-4916-B9AF-F13133E05A33}.Debug|Any CPU.ActiveCfg = Debug|Any CPU
		{9CF58F0B-DE78-4916-B9AF-F13133E05A33}.Debug|Any CPU.Build.0 = Debug|Any CPU
		{9CF58F0B-DE78-4916-B9AF-F13133E05A33}.Release|Any CPU.ActiveCfg = Release|Any CPU
		{9CF58F0B-DE78-4916-B9AF-F13133E05A33}.Release|Any CPU.Build.0 = Release|Any CPU
		{35A3B98D-FFC4-4016-A326-AA34D4D7066A}.Debug|Any CPU.ActiveCfg = Debug|Any CPU
		{35A3B98D-FFC4-4016-A326-AA34D4D7066A}.Debug|Any CPU.Build.0 = Debug|Any CPU
		{35A3B98D-FFC4-4016-A326-AA34D4D7066A}.Release|Any CPU.ActiveCfg = Release|Any CPU
		{35A3B98D-FFC4-4016-A326-AA34D4D7066A}.Release|Any CPU.Build.0 = Release|Any CPU
		{6F42F996-642B-4343-B0FE-E096EDC7757B}.Debug|Any CPU.ActiveCfg = Debug|Any CPU
		{6F42F996-642B-4343-B0FE-E096EDC7757B}.Debug|Any CPU.Build.0 = Debug|Any CPU
		{6F42F996-642B-4343-B0FE-E096EDC7757B}.Release|Any CPU.ActiveCfg = Release|Any CPU
		{6F42F996-642B-4343-B0FE-E096EDC7757B}.Release|Any CPU.Build.0 = Release|Any CPU
		{9287E5B9-6EE7-46B5-9F6D-D7B6093CF053}.Debug|Any CPU.ActiveCfg = Debug|Any CPU
		{9287E5B9-6EE7-46B5-9F6D-D7B6093CF053}.Debug|Any CPU.Build.0 = Debug|Any CPU
		{9287E5B9-6EE7-46B5-9F6D-D7B6093CF053}.Release|Any CPU.ActiveCfg = Release|Any CPU
		{9287E5B9-6EE7-46B5-9F6D-D7B6093CF053}.Release|Any CPU.Build.0 = Release|Any CPU
		{665B550C-B0BE-44E6-BC12-90625893A309}.Debug|Any CPU.ActiveCfg = Debug|Any CPU
		{665B550C-B0BE-44E6-BC12-90625893A309}.Debug|Any CPU.Build.0 = Debug|Any CPU
		{665B550C-B0BE-44E6-BC12-90625893A309}.Release|Any CPU.ActiveCfg = Release|Any CPU
		{665B550C-B0BE-44E6-BC12-90625893A309}.Release|Any CPU.Build.0 = Release|Any CPU
		{51B4F23A-F1CA-4A49-BC00-67E79BFAB2CA}.Debug|Any CPU.ActiveCfg = Debug|Any CPU
		{51B4F23A-F1CA-4A49-BC00-67E79BFAB2CA}.Debug|Any CPU.Build.0 = Debug|Any CPU
		{51B4F23A-F1CA-4A49-BC00-67E79BFAB2CA}.Release|Any CPU.ActiveCfg = Release|Any CPU
		{51B4F23A-F1CA-4A49-BC00-67E79BFAB2CA}.Release|Any CPU.Build.0 = Release|Any CPU
	EndGlobalSection
	GlobalSection(SolutionProperties) = preSolution
		HideSolutionNode = FALSE
	EndGlobalSection
	GlobalSection(NestedProjects) = preSolution
		{DA305A10-D471-464A-8BD6-DD947DED5155} = {A02D7404-5BD1-40F4-AA5F-8E57EE930B6B}
		{9CF58F0B-DE78-4916-B9AF-F13133E05A33} = {6C098656-EDD9-4D80-B8CB-FB13350746DE}
		{35A3B98D-FFC4-4016-A326-AA34D4D7066A} = {6C098656-EDD9-4D80-B8CB-FB13350746DE}
		{6F42F996-642B-4343-B0FE-E096EDC7757B} = {C8421513-F05C-4EE6-913A-AD5EDBAFF127}
		{9287E5B9-6EE7-46B5-9F6D-D7B6093CF053} = {BAAB8460-4FA2-472D-9BC9-E590D69A9E78}
		{665B550C-B0BE-44E6-BC12-90625893A309} = {76FD1C8A-93C0-4215-B37D-FAE7F7010B0C}
		{51B4F23A-F1CA-4A49-BC00-67E79BFAB2CA} = {76FD1C8A-93C0-4215-B37D-FAE7F7010B0C}
	EndGlobalSection
	GlobalSection(ExtensibilityGlobals) = postSolution
		SolutionGuid = {A45D01A7-6828-44F5-BC2F-FDA76C6439EE}
	EndGlobalSection
EndGlobal
